// !$*UTF8*$!
{
	archiveVersion = 1;
	classes = {
	};
	objectVersion = 54;
	objects = {

/* Begin PBXBuildFile section */
		F48455E5257BD33C00FE3C52 /* Info-Release.plist in Resources */ = {isa = PBXBuildFile; fileRef = F48455E4257BD33C00FE3C52 /* Info-Release.plist */; };
		F4FB9B6C257BCCE100D8C1F1 /* AppDelegate.swift in Sources */ = {isa = PBXBuildFile; fileRef = F4FB9B6B257BCCE100D8C1F1 /* AppDelegate.swift */; };
		F4FB9B70257BCCE100D8C1F1 /* ViewController.swift in Sources */ = {isa = PBXBuildFile; fileRef = F4FB9B6F257BCCE100D8C1F1 /* ViewController.swift */; };
		F4FB9B75257BCCE300D8C1F1 /* Assets.xcassets in Resources */ = {isa = PBXBuildFile; fileRef = F4FB9B74257BCCE300D8C1F1 /* Assets.xcassets */; };
		F4FB9B78257BCCE300D8C1F1 /* LaunchScreen.storyboard in Resources */ = {isa = PBXBuildFile; fileRef = F4FB9B76257BCCE300D8C1F1 /* LaunchScreen.storyboard */; };
		F4FB9B83257BCCE300D8C1F1 /* gymdogTests.swift in Sources */ = {isa = PBXBuildFile; fileRef = F4FB9B82257BCCE300D8C1F1 /* gymdogTests.swift */; };
		F4FB9B8E257BCCE300D8C1F1 /* gymdogUITests.swift in Sources */ = {isa = PBXBuildFile; fileRef = F4FB9B8D257BCCE300D8C1F1 /* gymdogUITests.swift */; };
/* End PBXBuildFile section */

/* Begin PBXContainerItemProxy section */
		F4FB9B7F257BCCE300D8C1F1 /* PBXContainerItemProxy */ = {
			isa = PBXContainerItemProxy;
			containerPortal = F4FB9B60257BCCE100D8C1F1 /* Project object */;
			proxyType = 1;
			remoteGlobalIDString = F4FB9B67257BCCE100D8C1F1;
			remoteInfo = gymdog;
		};
		F4FB9B8A257BCCE300D8C1F1 /* PBXContainerItemProxy */ = {
			isa = PBXContainerItemProxy;
			containerPortal = F4FB9B60257BCCE100D8C1F1 /* Project object */;
			proxyType = 1;
			remoteGlobalIDString = F4FB9B67257BCCE100D8C1F1;
			remoteInfo = gymdog;
		};
/* End PBXContainerItemProxy section */

/* Begin PBXFileReference section */
		F48455E4257BD33C00FE3C52 /* Info-Release.plist */ = {isa = PBXFileReference; fileEncoding = 4; lastKnownFileType = text.plist.xml; path = "Info-Release.plist"; sourceTree = "<group>"; };
		F4FB9B68257BCCE100D8C1F1 /* Gym Dog Debug.app */ = {isa = PBXFileReference; explicitFileType = wrapper.application; includeInIndex = 0; path = "Gym Dog Debug.app"; sourceTree = BUILT_PRODUCTS_DIR; };
		F4FB9B6B257BCCE100D8C1F1 /* AppDelegate.swift */ = {isa = PBXFileReference; lastKnownFileType = sourcecode.swift; path = AppDelegate.swift; sourceTree = "<group>"; };
		F4FB9B6F257BCCE100D8C1F1 /* ViewController.swift */ = {isa = PBXFileReference; lastKnownFileType = sourcecode.swift; path = ViewController.swift; sourceTree = "<group>"; };
		F4FB9B74257BCCE300D8C1F1 /* Assets.xcassets */ = {isa = PBXFileReference; lastKnownFileType = folder.assetcatalog; path = Assets.xcassets; sourceTree = "<group>"; };
		F4FB9B77257BCCE300D8C1F1 /* Base */ = {isa = PBXFileReference; lastKnownFileType = file.storyboard; name = Base; path = Base.lproj/LaunchScreen.storyboard; sourceTree = "<group>"; };
		F4FB9B79257BCCE300D8C1F1 /* Info-Debug.plist */ = {isa = PBXFileReference; lastKnownFileType = text.plist.xml; path = "Info-Debug.plist"; sourceTree = "<group>"; };
		F4FB9B7E257BCCE300D8C1F1 /* gymdogTests.xctest */ = {isa = PBXFileReference; explicitFileType = wrapper.cfbundle; includeInIndex = 0; path = gymdogTests.xctest; sourceTree = BUILT_PRODUCTS_DIR; };
		F4FB9B82257BCCE300D8C1F1 /* gymdogTests.swift */ = {isa = PBXFileReference; lastKnownFileType = sourcecode.swift; path = gymdogTests.swift; sourceTree = "<group>"; };
		F4FB9B84257BCCE300D8C1F1 /* Info.plist */ = {isa = PBXFileReference; lastKnownFileType = text.plist.xml; path = Info.plist; sourceTree = "<group>"; };
		F4FB9B89257BCCE300D8C1F1 /* gymdogUITests.xctest */ = {isa = PBXFileReference; explicitFileType = wrapper.cfbundle; includeInIndex = 0; path = gymdogUITests.xctest; sourceTree = BUILT_PRODUCTS_DIR; };
		F4FB9B8D257BCCE300D8C1F1 /* gymdogUITests.swift */ = {isa = PBXFileReference; lastKnownFileType = sourcecode.swift; path = gymdogUITests.swift; sourceTree = "<group>"; };
		F4FB9B8F257BCCE300D8C1F1 /* Info.plist */ = {isa = PBXFileReference; lastKnownFileType = text.plist.xml; path = Info.plist; sourceTree = "<group>"; };
/* End PBXFileReference section */

/* Begin PBXFrameworksBuildPhase section */
		F4FB9B65257BCCE100D8C1F1 /* Frameworks */ = {
			isa = PBXFrameworksBuildPhase;
			buildActionMask = 2147483647;
			files = (
			);
			runOnlyForDeploymentPostprocessing = 0;
		};
		F4FB9B7B257BCCE300D8C1F1 /* Frameworks */ = {
			isa = PBXFrameworksBuildPhase;
			buildActionMask = 2147483647;
			files = (
			);
			runOnlyForDeploymentPostprocessing = 0;
		};
		F4FB9B86257BCCE300D8C1F1 /* Frameworks */ = {
			isa = PBXFrameworksBuildPhase;
			buildActionMask = 2147483647;
			files = (
			);
			runOnlyForDeploymentPostprocessing = 0;
		};
/* End PBXFrameworksBuildPhase section */

/* Begin PBXGroup section */
		F4FB9B5F257BCCE100D8C1F1 = {
			isa = PBXGroup;
			children = (
				F4FB9B6A257BCCE100D8C1F1 /* gymdog */,
				F4FB9B81257BCCE300D8C1F1 /* gymdogTests */,
				F4FB9B8C257BCCE300D8C1F1 /* gymdogUITests */,
				F4FB9B69257BCCE100D8C1F1 /* Products */,
			);
			sourceTree = "<group>";
		};
		F4FB9B69257BCCE100D8C1F1 /* Products */ = {
			isa = PBXGroup;
			children = (
				F4FB9B68257BCCE100D8C1F1 /* Gym Dog Debug.app */,
				F4FB9B7E257BCCE300D8C1F1 /* gymdogTests.xctest */,
				F4FB9B89257BCCE300D8C1F1 /* gymdogUITests.xctest */,
			);
			name = Products;
			sourceTree = "<group>";
		};
		F4FB9B6A257BCCE100D8C1F1 /* gymdog */ = {
			isa = PBXGroup;
			children = (
				F4FB9B6B257BCCE100D8C1F1 /* AppDelegate.swift */,
				F4FB9B6F257BCCE100D8C1F1 /* ViewController.swift */,
				F4FB9B74257BCCE300D8C1F1 /* Assets.xcassets */,
				F4FB9B76257BCCE300D8C1F1 /* LaunchScreen.storyboard */,
				F4FB9B79257BCCE300D8C1F1 /* Info-Debug.plist */,
				F48455E4257BD33C00FE3C52 /* Info-Release.plist */,
			);
			path = gymdog;
			sourceTree = "<group>";
		};
		F4FB9B81257BCCE300D8C1F1 /* gymdogTests */ = {
			isa = PBXGroup;
			children = (
				F4FB9B82257BCCE300D8C1F1 /* gymdogTests.swift */,
				F4FB9B84257BCCE300D8C1F1 /* Info.plist */,
			);
			path = gymdogTests;
			sourceTree = "<group>";
		};
		F4FB9B8C257BCCE300D8C1F1 /* gymdogUITests */ = {
			isa = PBXGroup;
			children = (
				F4FB9B8D257BCCE300D8C1F1 /* gymdogUITests.swift */,
				F4FB9B8F257BCCE300D8C1F1 /* Info.plist */,
			);
			path = gymdogUITests;
			sourceTree = "<group>";
		};
/* End PBXGroup section */

/* Begin PBXNativeTarget section */
		F4FB9B67257BCCE100D8C1F1 /* gymdog */ = {
			isa = PBXNativeTarget;
			buildConfigurationList = F4FB9B92257BCCE300D8C1F1 /* Build configuration list for PBXNativeTarget "gymdog" */;
			buildPhases = (
				F4FB9B64257BCCE100D8C1F1 /* Sources */,
				F4FB9B65257BCCE100D8C1F1 /* Frameworks */,
				F4FB9B66257BCCE100D8C1F1 /* Resources */,
			);
			buildRules = (
			);
			dependencies = (
			);
			name = gymdog;
			productName = gymdog;
			productReference = F4FB9B68257BCCE100D8C1F1 /* Gym Dog Debug.app */;
			productType = "com.apple.product-type.application";
		};
		F4FB9B7D257BCCE300D8C1F1 /* gymdogTests */ = {
			isa = PBXNativeTarget;
			buildConfigurationList = F4FB9B95257BCCE300D8C1F1 /* Build configuration list for PBXNativeTarget "gymdogTests" */;
			buildPhases = (
				F4FB9B7A257BCCE300D8C1F1 /* Sources */,
				F4FB9B7B257BCCE300D8C1F1 /* Frameworks */,
				F4FB9B7C257BCCE300D8C1F1 /* Resources */,
			);
			buildRules = (
			);
			dependencies = (
				F4FB9B80257BCCE300D8C1F1 /* PBXTargetDependency */,
			);
			name = gymdogTests;
			productName = gymdogTests;
			productReference = F4FB9B7E257BCCE300D8C1F1 /* gymdogTests.xctest */;
			productType = "com.apple.product-type.bundle.unit-test";
		};
		F4FB9B88257BCCE300D8C1F1 /* gymdogUITests */ = {
			isa = PBXNativeTarget;
			buildConfigurationList = F4FB9B98257BCCE300D8C1F1 /* Build configuration list for PBXNativeTarget "gymdogUITests" */;
			buildPhases = (
				F4FB9B85257BCCE300D8C1F1 /* Sources */,
				F4FB9B86257BCCE300D8C1F1 /* Frameworks */,
				F4FB9B87257BCCE300D8C1F1 /* Resources */,
			);
			buildRules = (
			);
			dependencies = (
				F4FB9B8B257BCCE300D8C1F1 /* PBXTargetDependency */,
			);
			name = gymdogUITests;
			productName = gymdogUITests;
			productReference = F4FB9B89257BCCE300D8C1F1 /* gymdogUITests.xctest */;
			productType = "com.apple.product-type.bundle.ui-testing";
		};
/* End PBXNativeTarget section */

/* Begin PBXProject section */
		F4FB9B60257BCCE100D8C1F1 /* Project object */ = {
			isa = PBXProject;
			attributes = {
				LastSwiftUpdateCheck = 1220;
				LastUpgradeCheck = 1220;
				TargetAttributes = {
					F4FB9B67257BCCE100D8C1F1 = {
						CreatedOnToolsVersion = 12.2;
					};
					F4FB9B7D257BCCE300D8C1F1 = {
						CreatedOnToolsVersion = 12.2;
						TestTargetID = F4FB9B67257BCCE100D8C1F1;
					};
					F4FB9B88257BCCE300D8C1F1 = {
						CreatedOnToolsVersion = 12.2;
						TestTargetID = F4FB9B67257BCCE100D8C1F1;
					};
				};
			};
			buildConfigurationList = F4FB9B63257BCCE100D8C1F1 /* Build configuration list for PBXProject "gymdog" */;
			compatibilityVersion = "Xcode 12.0";
			developmentRegion = en;
			hasScannedForEncodings = 0;
			knownRegions = (
				en,
				Base,
			);
			mainGroup = F4FB9B5F257BCCE100D8C1F1;
			productRefGroup = F4FB9B69257BCCE100D8C1F1 /* Products */;
			projectDirPath = "";
			projectRoot = "";
			targets = (
				F4FB9B67257BCCE100D8C1F1 /* gymdog */,
				F4FB9B7D257BCCE300D8C1F1 /* gymdogTests */,
				F4FB9B88257BCCE300D8C1F1 /* gymdogUITests */,
			);
		};
/* End PBXProject section */

/* Begin PBXResourcesBuildPhase section */
		F4FB9B66257BCCE100D8C1F1 /* Resources */ = {
			isa = PBXResourcesBuildPhase;
			buildActionMask = 2147483647;
			files = (
				F4FB9B78257BCCE300D8C1F1 /* LaunchScreen.storyboard in Resources */,
				F4FB9B75257BCCE300D8C1F1 /* Assets.xcassets in Resources */,
				F48455E5257BD33C00FE3C52 /* Info-Release.plist in Resources */,
			);
			runOnlyForDeploymentPostprocessing = 0;
		};
		F4FB9B7C257BCCE300D8C1F1 /* Resources */ = {
			isa = PBXResourcesBuildPhase;
			buildActionMask = 2147483647;
			files = (
			);
			runOnlyForDeploymentPostprocessing = 0;
		};
		F4FB9B87257BCCE300D8C1F1 /* Resources */ = {
			isa = PBXResourcesBuildPhase;
			buildActionMask = 2147483647;
			files = (
			);
			runOnlyForDeploymentPostprocessing = 0;
		};
/* End PBXResourcesBuildPhase section */

/* Begin PBXSourcesBuildPhase section */
		F4FB9B64257BCCE100D8C1F1 /* Sources */ = {
			isa = PBXSourcesBuildPhase;
			buildActionMask = 2147483647;
			files = (
				F4FB9B70257BCCE100D8C1F1 /* ViewController.swift in Sources */,
				F4FB9B6C257BCCE100D8C1F1 /* AppDelegate.swift in Sources */,
			);
			runOnlyForDeploymentPostprocessing = 0;
		};
		F4FB9B7A257BCCE300D8C1F1 /* Sources */ = {
			isa = PBXSourcesBuildPhase;
			buildActionMask = 2147483647;
			files = (
				F4FB9B83257BCCE300D8C1F1 /* gymdogTests.swift in Sources */,
			);
			runOnlyForDeploymentPostprocessing = 0;
		};
		F4FB9B85257BCCE300D8C1F1 /* Sources */ = {
			isa = PBXSourcesBuildPhase;
			buildActionMask = 2147483647;
			files = (
				F4FB9B8E257BCCE300D8C1F1 /* gymdogUITests.swift in Sources */,
			);
			runOnlyForDeploymentPostprocessing = 0;
		};
/* End PBXSourcesBuildPhase section */

/* Begin PBXTargetDependency section */
		F4FB9B80257BCCE300D8C1F1 /* PBXTargetDependency */ = {
			isa = PBXTargetDependency;
			target = F4FB9B67257BCCE100D8C1F1 /* gymdog */;
			targetProxy = F4FB9B7F257BCCE300D8C1F1 /* PBXContainerItemProxy */;
		};
		F4FB9B8B257BCCE300D8C1F1 /* PBXTargetDependency */ = {
			isa = PBXTargetDependency;
			target = F4FB9B67257BCCE100D8C1F1 /* gymdog */;
			targetProxy = F4FB9B8A257BCCE300D8C1F1 /* PBXContainerItemProxy */;
		};
/* End PBXTargetDependency section */

/* Begin PBXVariantGroup section */
		F4FB9B76257BCCE300D8C1F1 /* LaunchScreen.storyboard */ = {
			isa = PBXVariantGroup;
			children = (
				F4FB9B77257BCCE300D8C1F1 /* Base */,
			);
			name = LaunchScreen.storyboard;
			sourceTree = "<group>";
		};
/* End PBXVariantGroup section */

/* Begin XCBuildConfiguration section */
		F4FB9B90257BCCE300D8C1F1 /* Debug */ = {
			isa = XCBuildConfiguration;
			buildSettings = {
				ALWAYS_SEARCH_USER_PATHS = NO;
				CLANG_ANALYZER_NONNULL = YES;
				CLANG_ANALYZER_NUMBER_OBJECT_CONVERSION = YES_AGGRESSIVE;
				CLANG_CXX_LANGUAGE_STANDARD = "gnu++14";
				CLANG_CXX_LIBRARY = "libc++";
				CLANG_ENABLE_MODULES = YES;
				CLANG_ENABLE_OBJC_ARC = YES;
				CLANG_ENABLE_OBJC_WEAK = YES;
				CLANG_WARN_BLOCK_CAPTURE_AUTORELEASING = YES;
				CLANG_WARN_BOOL_CONVERSION = YES;
				CLANG_WARN_COMMA = YES;
				CLANG_WARN_CONSTANT_CONVERSION = YES;
				CLANG_WARN_DEPRECATED_OBJC_IMPLEMENTATIONS = YES;
				CLANG_WARN_DIRECT_OBJC_ISA_USAGE = YES_ERROR;
				CLANG_WARN_DOCUMENTATION_COMMENTS = YES;
				CLANG_WARN_EMPTY_BODY = YES;
				CLANG_WARN_ENUM_CONVERSION = YES;
				CLANG_WARN_INFINITE_RECURSION = YES;
				CLANG_WARN_INT_CONVERSION = YES;
				CLANG_WARN_NON_LITERAL_NULL_CONVERSION = YES;
				CLANG_WARN_OBJC_IMPLICIT_RETAIN_SELF = YES;
				CLANG_WARN_OBJC_LITERAL_CONVERSION = YES;
				CLANG_WARN_OBJC_ROOT_CLASS = YES_ERROR;
				CLANG_WARN_QUOTED_INCLUDE_IN_FRAMEWORK_HEADER = YES;
				CLANG_WARN_RANGE_LOOP_ANALYSIS = YES;
				CLANG_WARN_STRICT_PROTOTYPES = YES;
				CLANG_WARN_SUSPICIOUS_MOVE = YES;
				CLANG_WARN_UNGUARDED_AVAILABILITY = YES_AGGRESSIVE;
				CLANG_WARN_UNREACHABLE_CODE = YES;
				CLANG_WARN__DUPLICATE_METHOD_MATCH = YES;
				COPY_PHASE_STRIP = NO;
				DEBUG_INFORMATION_FORMAT = "dwarf-with-dsym";
				ENABLE_STRICT_OBJC_MSGSEND = YES;
				ENABLE_TESTABILITY = YES;
				GCC_C_LANGUAGE_STANDARD = gnu11;
				GCC_DYNAMIC_NO_PIC = NO;
				GCC_NO_COMMON_BLOCKS = YES;
				GCC_OPTIMIZATION_LEVEL = 0;
				GCC_PREPROCESSOR_DEFINITIONS = (
					"DEBUG=1",
					"$(inherited)",
				);
				GCC_WARN_64_TO_32_BIT_CONVERSION = YES;
				GCC_WARN_ABOUT_RETURN_TYPE = YES_ERROR;
				GCC_WARN_UNDECLARED_SELECTOR = YES;
				GCC_WARN_UNINITIALIZED_AUTOS = YES_AGGRESSIVE;
				GCC_WARN_UNUSED_FUNCTION = YES;
				GCC_WARN_UNUSED_VARIABLE = YES;
				IPHONEOS_DEPLOYMENT_TARGET = 13.0;
				MTL_ENABLE_DEBUG_INFO = INCLUDE_SOURCE;
				MTL_FAST_MATH = YES;
				ONLY_ACTIVE_ARCH = YES;
				SDKROOT = iphoneos;
				SWIFT_ACTIVE_COMPILATION_CONDITIONS = DEBUG;
				SWIFT_OPTIMIZATION_LEVEL = "-Onone";
			};
			name = Debug;
		};
		F4FB9B91257BCCE300D8C1F1 /* Release */ = {
			isa = XCBuildConfiguration;
			buildSettings = {
				ALWAYS_SEARCH_USER_PATHS = NO;
				CLANG_ANALYZER_NONNULL = YES;
				CLANG_ANALYZER_NUMBER_OBJECT_CONVERSION = YES_AGGRESSIVE;
				CLANG_CXX_LANGUAGE_STANDARD = "gnu++14";
				CLANG_CXX_LIBRARY = "libc++";
				CLANG_ENABLE_MODULES = YES;
				CLANG_ENABLE_OBJC_ARC = YES;
				CLANG_ENABLE_OBJC_WEAK = YES;
				CLANG_WARN_BLOCK_CAPTURE_AUTORELEASING = YES;
				CLANG_WARN_BOOL_CONVERSION = YES;
				CLANG_WARN_COMMA = YES;
				CLANG_WARN_CONSTANT_CONVERSION = YES;
				CLANG_WARN_DEPRECATED_OBJC_IMPLEMENTATIONS = YES;
				CLANG_WARN_DIRECT_OBJC_ISA_USAGE = YES_ERROR;
				CLANG_WARN_DOCUMENTATION_COMMENTS = YES;
				CLANG_WARN_EMPTY_BODY = YES;
				CLANG_WARN_ENUM_CONVERSION = YES;
				CLANG_WARN_INFINITE_RECURSION = YES;
				CLANG_WARN_INT_CONVERSION = YES;
				CLANG_WARN_NON_LITERAL_NULL_CONVERSION = YES;
				CLANG_WARN_OBJC_IMPLICIT_RETAIN_SELF = YES;
				CLANG_WARN_OBJC_LITERAL_CONVERSION = YES;
				CLANG_WARN_OBJC_ROOT_CLASS = YES_ERROR;
				CLANG_WARN_QUOTED_INCLUDE_IN_FRAMEWORK_HEADER = YES;
				CLANG_WARN_RANGE_LOOP_ANALYSIS = YES;
				CLANG_WARN_STRICT_PROTOTYPES = YES;
				CLANG_WARN_SUSPICIOUS_MOVE = YES;
				CLANG_WARN_UNGUARDED_AVAILABILITY = YES_AGGRESSIVE;
				CLANG_WARN_UNREACHABLE_CODE = YES;
				CLANG_WARN__DUPLICATE_METHOD_MATCH = YES;
				COPY_PHASE_STRIP = NO;
				DEBUG_INFORMATION_FORMAT = "dwarf-with-dsym";
				ENABLE_NS_ASSERTIONS = NO;
				ENABLE_STRICT_OBJC_MSGSEND = YES;
				GCC_C_LANGUAGE_STANDARD = gnu11;
				GCC_NO_COMMON_BLOCKS = YES;
				GCC_WARN_64_TO_32_BIT_CONVERSION = YES;
				GCC_WARN_ABOUT_RETURN_TYPE = YES_ERROR;
				GCC_WARN_UNDECLARED_SELECTOR = YES;
				GCC_WARN_UNINITIALIZED_AUTOS = YES_AGGRESSIVE;
				GCC_WARN_UNUSED_FUNCTION = YES;
				GCC_WARN_UNUSED_VARIABLE = YES;
				IPHONEOS_DEPLOYMENT_TARGET = 13.0;
				MTL_ENABLE_DEBUG_INFO = NO;
				MTL_FAST_MATH = YES;
				SDKROOT = iphoneos;
				SWIFT_ACTIVE_COMPILATION_CONDITIONS = RELEASE;
				SWIFT_COMPILATION_MODE = wholemodule;
				SWIFT_OPTIMIZATION_LEVEL = "-O";
				VALIDATE_PRODUCT = YES;
			};
			name = Release;
		};
		F4FB9B93257BCCE300D8C1F1 /* Debug */ = {
			isa = XCBuildConfiguration;
			buildSettings = {
				ASSETCATALOG_COMPILER_APPICON_NAME = "AppIcon-Debug";
				CODE_SIGN_STYLE = Automatic;
				DEVELOPMENT_TEAM = 3978A7VN36;
				INFOPLIST_FILE = "gymdog/Info-Debug.plist";
				IPHONEOS_DEPLOYMENT_TARGET = 13.0;
				LD_RUNPATH_SEARCH_PATHS = (
					"$(inherited)",
					"@executable_path/Frameworks",
				);
				MARKETING_VERSION = 1.0.0;
				PRODUCT_BUNDLE_IDENTIFIER = com.beratbarancevik.gymdog.debug;
				PRODUCT_MODULE_NAME = gymdog;
				PRODUCT_NAME = "Gym Dog Debug";
				SWIFT_VERSION = 5.0;
				TARGETED_DEVICE_FAMILY = 1;
			};
			name = Debug;
		};
		F4FB9B94257BCCE300D8C1F1 /* Release */ = {
			isa = XCBuildConfiguration;
			buildSettings = {
				ASSETCATALOG_COMPILER_APPICON_NAME = "AppIcon-Release";
				CODE_SIGN_STYLE = Automatic;
				DEVELOPMENT_TEAM = 3978A7VN36;
				INFOPLIST_FILE = "gymdog/Info-Release.plist";
				IPHONEOS_DEPLOYMENT_TARGET = 13.0;
				LD_RUNPATH_SEARCH_PATHS = (
					"$(inherited)",
					"@executable_path/Frameworks",
				);
				MARKETING_VERSION = 1.0.0;
				PRODUCT_BUNDLE_IDENTIFIER = com.beratbarancevik.gymdog;
				PRODUCT_MODULE_NAME = gymdog;
				PRODUCT_NAME = "Gym Dog";
				SWIFT_VERSION = 5.0;
				TARGETED_DEVICE_FAMILY = 1;
			};
			name = Release;
		};
		F4FB9B96257BCCE300D8C1F1 /* Debug */ = {
			isa = XCBuildConfiguration;
			buildSettings = {
				ALWAYS_EMBED_SWIFT_STANDARD_LIBRARIES = YES;
				BUNDLE_LOADER = "$(TEST_HOST)";
				CODE_SIGN_STYLE = Automatic;
				DEVELOPMENT_TEAM = 3978A7VN36;
				INFOPLIST_FILE = gymdogTests/Info.plist;
				IPHONEOS_DEPLOYMENT_TARGET = 14.2;
				LD_RUNPATH_SEARCH_PATHS = (
					"$(inherited)",
					"@executable_path/Frameworks",
					"@loader_path/Frameworks",
				);
				PRODUCT_BUNDLE_IDENTIFIER = com.beratbarancevik.gymdogTests;
				PRODUCT_NAME = "$(TARGET_NAME)";
				SWIFT_VERSION = 5.0;
				TARGETED_DEVICE_FAMILY = "1,2";
				TEST_HOST = "$(BUILT_PRODUCTS_DIR)/Gym Dog Debug.app/Gym Dog Debug";
			};
			name = Debug;
		};
		F4FB9B97257BCCE300D8C1F1 /* Release */ = {
			isa = XCBuildConfiguration;
			buildSettings = {
				ALWAYS_EMBED_SWIFT_STANDARD_LIBRARIES = YES;
				BUNDLE_LOADER = "$(TEST_HOST)";
				CODE_SIGN_STYLE = Automatic;
				DEVELOPMENT_TEAM = 3978A7VN36;
				INFOPLIST_FILE = gymdogTests/Info.plist;
				IPHONEOS_DEPLOYMENT_TARGET = 14.2;
				LD_RUNPATH_SEARCH_PATHS = (
					"$(inherited)",
					"@executable_path/Frameworks",
					"@loader_path/Frameworks",
				);
				PRODUCT_BUNDLE_IDENTIFIER = com.beratbarancevik.gymdogTests;
				PRODUCT_NAME = "$(TARGET_NAME)";
				SWIFT_VERSION = 5.0;
				TARGETED_DEVICE_FAMILY = "1,2";
				TEST_HOST = "$(BUILT_PRODUCTS_DIR)/Gym Dog Debug.app/Gym Dog Debug";
			};
			name = Release;
		};
		F4FB9B99257BCCE300D8C1F1 /* Debug */ = {
			isa = XCBuildConfiguration;
			buildSettings = {
				ALWAYS_EMBED_SWIFT_STANDARD_LIBRARIES = YES;
				CODE_SIGN_STYLE = Automatic;
				DEVELOPMENT_TEAM = 3978A7VN36;
				INFOPLIST_FILE = gymdogUITests/Info.plist;
				LD_RUNPATH_SEARCH_PATHS = (
					"$(inherited)",
					"@executable_path/Frameworks",
					"@loader_path/Frameworks",
				);
				PRODUCT_BUNDLE_IDENTIFIER = com.beratbarancevik.gymdogUITests;
				PRODUCT_NAME = "$(TARGET_NAME)";
				SWIFT_VERSION = 5.0;
				TARGETED_DEVICE_FAMILY = "1,2";
				TEST_TARGET_NAME = gymdog;
			};
			name = Debug;
		};
		F4FB9B9A257BCCE300D8C1F1 /* Release */ = {
			isa = XCBuildConfiguration;
			buildSettings = {
				ALWAYS_EMBED_SWIFT_STANDARD_LIBRARIES = YES;
				CODE_SIGN_STYLE = Automatic;
				DEVELOPMENT_TEAM = 3978A7VN36;
				INFOPLIST_FILE = gymdogUITests/Info.plist;
				LD_RUNPATH_SEARCH_PATHS = (
					"$(inherited)",
					"@executable_path/Frameworks",
					"@loader_path/Frameworks",
				);
				PRODUCT_BUNDLE_IDENTIFIER = com.beratbarancevik.gymdogUITests;
				PRODUCT_NAME = "$(TARGET_NAME)";
				SWIFT_VERSION = 5.0;
				TARGETED_DEVICE_FAMILY = "1,2";
				TEST_TARGET_NAME = gymdog;
			};
			name = Release;
		};
/* End XCBuildConfiguration section */

/* Begin XCConfigurationList section */
		F4FB9B63257BCCE100D8C1F1 /* Build configuration list for PBXProject "gymdog" */ = {
			isa = XCConfigurationList;
			buildConfigurations = (
				F4FB9B90257BCCE300D8C1F1 /* Debug */,
				F4FB9B91257BCCE300D8C1F1 /* Release */,
			);
			defaultConfigurationIsVisible = 0;
			defaultConfigurationName = Release;
		};
		F4FB9B92257BCCE300D8C1F1 /* Build configuration list for PBXNativeTarget "gymdog" */ = {
			isa = XCConfigurationList;
			buildConfigurations = (
				F4FB9B93257BCCE300D8C1F1 /* Debug */,
				F4FB9B94257BCCE300D8C1F1 /* Release */,
			);
			defaultConfigurationIsVisible = 0;
			defaultConfigurationName = Release;
		};
		F4FB9B95257BCCE300D8C1F1 /* Build configuration list for PBXNativeTarget "gymdogTests" */ = {
			isa = XCConfigurationList;
			buildConfigurations = (
				F4FB9B96257BCCE300D8C1F1 /* Debug */,
				F4FB9B97257BCCE300D8C1F1 /* Release */,
			);
			defaultConfigurationIsVisible = 0;
			defaultConfigurationName = Release;
		};
		F4FB9B98257BCCE300D8C1F1 /* Build configuration list for PBXNativeTarget "gymdogUITests" */ = {
			isa = XCConfigurationList;
			buildConfigurations = (
				F4FB9B99257BCCE300D8C1F1 /* Debug */,
				F4FB9B9A257BCCE300D8C1F1 /* Release */,
			);
			defaultConfigurationIsVisible = 0;
			defaultConfigurationName = Release;
		};
/* End XCConfigurationList section */
	};
	rootObject = F4FB9B60257BCCE100D8C1F1 /* Project object */;
}
